
Microsoft Visual Studio Solution File, Format Version 12.00
# Visual Studio Version 16
VisualStudioVersion = 16.0.30804.86
MinimumVisualStudioVersion = 10.0.40219.1
Project("{FAE04EC0-301F-11D3-BF4B-00C04F79EFBC}") = "DotNetAngular", "DotNetAngular.csproj", "{21BBA6B5-5AF4-4547-8B40-2A671FC62841}"
EndProject
Global
	GlobalSection(SolutionConfigurationPlatforms) = preSolution
		Debug|Any CPU = Debug|Any CPU
		Release|Any CPU = Release|Any CPU
	EndGlobalSection
	GlobalSection(ProjectConfigurationPlatforms) = postSolution
		{21BBA6B5-5AF4-4547-8B40-2A671FC62841}.Debug|Any CPU.ActiveCfg = Debug|Any CPU
		{21BBA6B5-5AF4-4547-8B40-2A671FC62841}.Debug|Any CPU.Build.0 = Debug|Any CPU
		{21BBA6B5-5AF4-4547-8B40-2A671FC62841}.Release|Any CPU.ActiveCfg = Release|Any CPU
		{21BBA6B5-5AF4-4547-8B40-2A671FC62841}.Release|Any CPU.Build.0 = Release|Any CPU
	EndGlobalSection
	GlobalSection(SolutionProperties) = preSolution
		HideSolutionNode = FALSE
	EndGlobalSection
	GlobalSection(ExtensibilityGlobals) = postSolution
		SolutionGuid = {CB1B2713-697E-4A94-B9F8-F8DCC7D6B705}
	EndGlobalSection
EndGlobal
